
Microsoft Visual Studio Solution File, Format Version 12.00
# Visual Studio Version 16
VisualStudioVersion = 16.0.29806.167
MinimumVisualStudioVersion = 10.0.40219.1
Project("{9A19103F-16F7-4668-BE54-9A1E7A4F7556}") = "DataSetSerializationComparison", "DataSetSerializationComparison\DataSetSerializationComparison\DataSetSerializationComparison.csproj", "{A3906895-0180-4FEB-9C6C-2D377473FC9A}"
EndProject
Project("{2150E333-8FDC-42A3-9474-1A3956D46DE8}") = "Importer", "Importer", "{A201B367-4D9C-427D-AF77-300D5F95615A}"
EndProject
Project("{9A19103F-16F7-4668-BE54-9A1E7A4F7556}") = "DnbDataImporter", "Importer\DnbDataImporter\DnbDataImporter.csproj", "{BA5946A0-C5DA-4DE8-825E-5EBED3581EEF}"
EndProject
Project("{9A19103F-16F7-4668-BE54-9A1E7A4F7556}") = "DnbDataImporter.Tests", "Importer\DnbDataImporter.Tests\DnbDataImporter.Tests.csproj", "{5CC79A30-AF5D-4EC2-AB8E-E0B6CB651511}"
EndProject
Project("{2150E333-8FDC-42A3-9474-1A3956D46DE8}") = "Demo", "Demo", "{93724874-0564-46B7-9197-360D9F70ABDE}"
EndProject
Project("{2150E333-8FDC-42A3-9474-1A3956D46DE8}") = "Research", "Research", "{1F89ACCC-BAD0-4622-BF08-76CCCD827C81}"
EndProject
Project("{9A19103F-16F7-4668-BE54-9A1E7A4F7556}") = "UltimateForwardRateCalculator", "UltimateForwardRateCalculator\UltimateForwardRateCalculator.csproj", "{141D3DCC-EB95-4819-A109-A69FA90F9C68}"
EndProject
Project("{9A19103F-16F7-4668-BE54-9A1E7A4F7556}") = "InterpolationVisualization", "InterpolationVisualization\InterpolationVisualization.csproj", "{1B11568B-0EF7-4B4E-8D8A-CBC3493763DD}"
EndProject
Project("{9A19103F-16F7-4668-BE54-9A1E7A4F7556}") = "Interpolate", "Interpolation\Interpolate\Interpolate.csproj", "{6E947A61-2160-4BDC-81BE-9B59A1203F1D}"
EndProject
Project("{2150E333-8FDC-42A3-9474-1A3956D46DE8}") = "Interpolation", "Interpolation", "{0C08905E-A780-4227-BF05-581AFCB2EE47}"
EndProject
Project("{9A19103F-16F7-4668-BE54-9A1E7A4F7556}") = "Interpolate.Tests", "Interpolate.Tests\Interpolate.Tests.csproj", "{067C7353-50EE-44F0-BC3C-56BA45DF7109}"
EndProject
Project("{2150E333-8FDC-42A3-9474-1A3956D46DE8}") = "Improvement", "Improvement", "{95E2BB80-394A-461F-A4F6-C2E131ADC310}"
EndProject
Project("{FAE04EC0-301F-11D3-BF4B-00C04F79EFBC}") = "ImprovedDnbDataImporter", "ImprovedDnbDataImporter\ImprovedDnbDataImporter.csproj", "{788EDC2D-1264-435F-BD7E-95F3E53CE8D3}"
EndProject
Global
	GlobalSection(SolutionConfigurationPlatforms) = preSolution
		Debug|Any CPU = Debug|Any CPU
		Debug|ARM = Debug|ARM
		Debug|ARM64 = Debug|ARM64
		Debug|x64 = Debug|x64
		Debug|x86 = Debug|x86
		Release|Any CPU = Release|Any CPU
		Release|ARM = Release|ARM
		Release|ARM64 = Release|ARM64
		Release|x64 = Release|x64
		Release|x86 = Release|x86
	EndGlobalSection
	GlobalSection(ProjectConfigurationPlatforms) = postSolution
		{A3906895-0180-4FEB-9C6C-2D377473FC9A}.Debug|Any CPU.ActiveCfg = Debug|Any CPU
		{A3906895-0180-4FEB-9C6C-2D377473FC9A}.Debug|Any CPU.Build.0 = Debug|Any CPU
		{A3906895-0180-4FEB-9C6C-2D377473FC9A}.Debug|ARM.ActiveCfg = Debug|Any CPU
		{A3906895-0180-4FEB-9C6C-2D377473FC9A}.Debug|ARM.Build.0 = Debug|Any CPU
		{A3906895-0180-4FEB-9C6C-2D377473FC9A}.Debug|ARM64.ActiveCfg = Debug|Any CPU
		{A3906895-0180-4FEB-9C6C-2D377473FC9A}.Debug|ARM64.Build.0 = Debug|Any CPU
		{A3906895-0180-4FEB-9C6C-2D377473FC9A}.Debug|x64.ActiveCfg = Debug|Any CPU
		{A3906895-0180-4FEB-9C6C-2D377473FC9A}.Debug|x64.Build.0 = Debug|Any CPU
		{A3906895-0180-4FEB-9C6C-2D377473FC9A}.Debug|x86.ActiveCfg = Debug|Any CPU
		{A3906895-0180-4FEB-9C6C-2D377473FC9A}.Debug|x86.Build.0 = Debug|Any CPU
		{A3906895-0180-4FEB-9C6C-2D377473FC9A}.Release|Any CPU.ActiveCfg = Release|Any CPU
		{A3906895-0180-4FEB-9C6C-2D377473FC9A}.Release|Any CPU.Build.0 = Release|Any CPU
		{A3906895-0180-4FEB-9C6C-2D377473FC9A}.Release|ARM.ActiveCfg = Release|Any CPU
		{A3906895-0180-4FEB-9C6C-2D377473FC9A}.Release|ARM.Build.0 = Release|Any CPU
		{A3906895-0180-4FEB-9C6C-2D377473FC9A}.Release|ARM64.ActiveCfg = Release|Any CPU
		{A3906895-0180-4FEB-9C6C-2D377473FC9A}.Release|ARM64.Build.0 = Release|Any CPU
		{A3906895-0180-4FEB-9C6C-2D377473FC9A}.Release|x64.ActiveCfg = Release|Any CPU
		{A3906895-0180-4FEB-9C6C-2D377473FC9A}.Release|x64.Build.0 = Release|Any CPU
		{A3906895-0180-4FEB-9C6C-2D377473FC9A}.Release|x86.ActiveCfg = Release|Any CPU
		{A3906895-0180-4FEB-9C6C-2D377473FC9A}.Release|x86.Build.0 = Release|Any CPU
		{BA5946A0-C5DA-4DE8-825E-5EBED3581EEF}.Debug|Any CPU.ActiveCfg = Debug|Any CPU
		{BA5946A0-C5DA-4DE8-825E-5EBED3581EEF}.Debug|Any CPU.Build.0 = Debug|Any CPU
		{BA5946A0-C5DA-4DE8-825E-5EBED3581EEF}.Debug|ARM.ActiveCfg = Debug|Any CPU
		{BA5946A0-C5DA-4DE8-825E-5EBED3581EEF}.Debug|ARM.Build.0 = Debug|Any CPU
		{BA5946A0-C5DA-4DE8-825E-5EBED3581EEF}.Debug|ARM64.ActiveCfg = Debug|Any CPU
		{BA5946A0-C5DA-4DE8-825E-5EBED3581EEF}.Debug|ARM64.Build.0 = Debug|Any CPU
		{BA5946A0-C5DA-4DE8-825E-5EBED3581EEF}.Debug|x64.ActiveCfg = Debug|Any CPU
		{BA5946A0-C5DA-4DE8-825E-5EBED3581EEF}.Debug|x64.Build.0 = Debug|Any CPU
		{BA5946A0-C5DA-4DE8-825E-5EBED3581EEF}.Debug|x86.ActiveCfg = Debug|Any CPU
		{BA5946A0-C5DA-4DE8-825E-5EBED3581EEF}.Debug|x86.Build.0 = Debug|Any CPU
		{BA5946A0-C5DA-4DE8-825E-5EBED3581EEF}.Release|Any CPU.ActiveCfg = Release|Any CPU
		{BA5946A0-C5DA-4DE8-825E-5EBED3581EEF}.Release|Any CPU.Build.0 = Release|Any CPU
		{BA5946A0-C5DA-4DE8-825E-5EBED3581EEF}.Release|ARM.ActiveCfg = Release|Any CPU
		{BA5946A0-C5DA-4DE8-825E-5EBED3581EEF}.Release|ARM.Build.0 = Release|Any CPU
		{BA5946A0-C5DA-4DE8-825E-5EBED3581EEF}.Release|ARM64.ActiveCfg = Release|Any CPU
		{BA5946A0-C5DA-4DE8-825E-5EBED3581EEF}.Release|ARM64.Build.0 = Release|Any CPU
		{BA5946A0-C5DA-4DE8-825E-5EBED3581EEF}.Release|x64.ActiveCfg = Release|Any CPU
		{BA5946A0-C5DA-4DE8-825E-5EBED3581EEF}.Release|x64.Build.0 = Release|Any CPU
		{BA5946A0-C5DA-4DE8-825E-5EBED3581EEF}.Release|x86.ActiveCfg = Release|Any CPU
		{BA5946A0-C5DA-4DE8-825E-5EBED3581EEF}.Release|x86.Build.0 = Release|Any CPU
		{5CC79A30-AF5D-4EC2-AB8E-E0B6CB651511}.Debug|Any CPU.ActiveCfg = Debug|Any CPU
		{5CC79A30-AF5D-4EC2-AB8E-E0B6CB651511}.Debug|Any CPU.Build.0 = Debug|Any CPU
		{5CC79A30-AF5D-4EC2-AB8E-E0B6CB651511}.Debug|ARM.ActiveCfg = Debug|Any CPU
		{5CC79A30-AF5D-4EC2-AB8E-E0B6CB651511}.Debug|ARM.Build.0 = Debug|Any CPU
		{5CC79A30-AF5D-4EC2-AB8E-E0B6CB651511}.Debug|ARM64.ActiveCfg = Debug|Any CPU
		{5CC79A30-AF5D-4EC2-AB8E-E0B6CB651511}.Debug|ARM64.Build.0 = Debug|Any CPU
		{5CC79A30-AF5D-4EC2-AB8E-E0B6CB651511}.Debug|x64.ActiveCfg = Debug|Any CPU
		{5CC79A30-AF5D-4EC2-AB8E-E0B6CB651511}.Debug|x64.Build.0 = Debug|Any CPU
		{5CC79A30-AF5D-4EC2-AB8E-E0B6CB651511}.Debug|x86.ActiveCfg = Debug|Any CPU
		{5CC79A30-AF5D-4EC2-AB8E-E0B6CB651511}.Debug|x86.Build.0 = Debug|Any CPU
		{5CC79A30-AF5D-4EC2-AB8E-E0B6CB651511}.Release|Any CPU.ActiveCfg = Release|Any CPU
		{5CC79A30-AF5D-4EC2-AB8E-E0B6CB651511}.Release|Any CPU.Build.0 = Release|Any CPU
		{5CC79A30-AF5D-4EC2-AB8E-E0B6CB651511}.Release|ARM.ActiveCfg = Release|Any CPU
		{5CC79A30-AF5D-4EC2-AB8E-E0B6CB651511}.Release|ARM.Build.0 = Release|Any CPU
		{5CC79A30-AF5D-4EC2-AB8E-E0B6CB651511}.Release|ARM64.ActiveCfg = Release|Any CPU
		{5CC79A30-AF5D-4EC2-AB8E-E0B6CB651511}.Release|ARM64.Build.0 = Release|Any CPU
		{5CC79A30-AF5D-4EC2-AB8E-E0B6CB651511}.Release|x64.ActiveCfg = Release|Any CPU
		{5CC79A30-AF5D-4EC2-AB8E-E0B6CB651511}.Release|x64.Build.0 = Release|Any CPU
		{5CC79A30-AF5D-4EC2-AB8E-E0B6CB651511}.Release|x86.ActiveCfg = Release|Any CPU
		{5CC79A30-AF5D-4EC2-AB8E-E0B6CB651511}.Release|x86.Build.0 = Release|Any CPU
		{141D3DCC-EB95-4819-A109-A69FA90F9C68}.Debug|Any CPU.ActiveCfg = Debug|Any CPU
		{141D3DCC-EB95-4819-A109-A69FA90F9C68}.Debug|Any CPU.Build.0 = Debug|Any CPU
		{141D3DCC-EB95-4819-A109-A69FA90F9C68}.Debug|ARM.ActiveCfg = Debug|Any CPU
		{141D3DCC-EB95-4819-A109-A69FA90F9C68}.Debug|ARM.Build.0 = Debug|Any CPU
		{141D3DCC-EB95-4819-A109-A69FA90F9C68}.Debug|ARM64.ActiveCfg = Debug|Any CPU
		{141D3DCC-EB95-4819-A109-A69FA90F9C68}.Debug|ARM64.Build.0 = Debug|Any CPU
		{141D3DCC-EB95-4819-A109-A69FA90F9C68}.Debug|x64.ActiveCfg = Debug|Any CPU
		{141D3DCC-EB95-4819-A109-A69FA90F9C68}.Debug|x64.Build.0 = Debug|Any CPU
		{141D3DCC-EB95-4819-A109-A69FA90F9C68}.Debug|x86.ActiveCfg = Debug|Any CPU
		{141D3DCC-EB95-4819-A109-A69FA90F9C68}.Debug|x86.Build.0 = Debug|Any CPU
		{141D3DCC-EB95-4819-A109-A69FA90F9C68}.Release|Any CPU.ActiveCfg = Release|Any CPU
		{141D3DCC-EB95-4819-A109-A69FA90F9C68}.Release|Any CPU.Build.0 = Release|Any CPU
		{141D3DCC-EB95-4819-A109-A69FA90F9C68}.Release|ARM.ActiveCfg = Release|Any CPU
		{141D3DCC-EB95-4819-A109-A69FA90F9C68}.Release|ARM.Build.0 = Release|Any CPU
		{141D3DCC-EB95-4819-A109-A69FA90F9C68}.Release|ARM64.ActiveCfg = Release|Any CPU
		{141D3DCC-EB95-4819-A109-A69FA90F9C68}.Release|ARM64.Build.0 = Release|Any CPU
		{141D3DCC-EB95-4819-A109-A69FA90F9C68}.Release|x64.ActiveCfg = Release|Any CPU
		{141D3DCC-EB95-4819-A109-A69FA90F9C68}.Release|x64.Build.0 = Release|Any CPU
		{141D3DCC-EB95-4819-A109-A69FA90F9C68}.Release|x86.ActiveCfg = Release|Any CPU
		{141D3DCC-EB95-4819-A109-A69FA90F9C68}.Release|x86.Build.0 = Release|Any CPU
		{1B11568B-0EF7-4B4E-8D8A-CBC3493763DD}.Debug|Any CPU.ActiveCfg = Debug|Any CPU
		{1B11568B-0EF7-4B4E-8D8A-CBC3493763DD}.Debug|Any CPU.Build.0 = Debug|Any CPU
		{1B11568B-0EF7-4B4E-8D8A-CBC3493763DD}.Debug|ARM.ActiveCfg = Debug|Any CPU
		{1B11568B-0EF7-4B4E-8D8A-CBC3493763DD}.Debug|ARM.Build.0 = Debug|Any CPU
		{1B11568B-0EF7-4B4E-8D8A-CBC3493763DD}.Debug|ARM64.ActiveCfg = Debug|Any CPU
		{1B11568B-0EF7-4B4E-8D8A-CBC3493763DD}.Debug|ARM64.Build.0 = Debug|Any CPU
		{1B11568B-0EF7-4B4E-8D8A-CBC3493763DD}.Debug|x64.ActiveCfg = Debug|Any CPU
		{1B11568B-0EF7-4B4E-8D8A-CBC3493763DD}.Debug|x64.Build.0 = Debug|Any CPU
		{1B11568B-0EF7-4B4E-8D8A-CBC3493763DD}.Debug|x86.ActiveCfg = Debug|Any CPU
		{1B11568B-0EF7-4B4E-8D8A-CBC3493763DD}.Debug|x86.Build.0 = Debug|Any CPU
		{1B11568B-0EF7-4B4E-8D8A-CBC3493763DD}.Release|Any CPU.ActiveCfg = Release|Any CPU
		{1B11568B-0EF7-4B4E-8D8A-CBC3493763DD}.Release|Any CPU.Build.0 = Release|Any CPU
		{1B11568B-0EF7-4B4E-8D8A-CBC3493763DD}.Release|ARM.ActiveCfg = Release|Any CPU
		{1B11568B-0EF7-4B4E-8D8A-CBC3493763DD}.Release|ARM.Build.0 = Release|Any CPU
		{1B11568B-0EF7-4B4E-8D8A-CBC3493763DD}.Release|ARM64.ActiveCfg = Release|Any CPU
		{1B11568B-0EF7-4B4E-8D8A-CBC3493763DD}.Release|ARM64.Build.0 = Release|Any CPU
		{1B11568B-0EF7-4B4E-8D8A-CBC3493763DD}.Release|x64.ActiveCfg = Release|Any CPU
		{1B11568B-0EF7-4B4E-8D8A-CBC3493763DD}.Release|x64.Build.0 = Release|Any CPU
		{1B11568B-0EF7-4B4E-8D8A-CBC3493763DD}.Release|x86.ActiveCfg = Release|Any CPU
		{1B11568B-0EF7-4B4E-8D8A-CBC3493763DD}.Release|x86.Build.0 = Release|Any CPU
		{6E947A61-2160-4BDC-81BE-9B59A1203F1D}.Debug|Any CPU.ActiveCfg = Debug|Any CPU
		{6E947A61-2160-4BDC-81BE-9B59A1203F1D}.Debug|Any CPU.Build.0 = Debug|Any CPU
		{6E947A61-2160-4BDC-81BE-9B59A1203F1D}.Debug|ARM.ActiveCfg = Debug|Any CPU
		{6E947A61-2160-4BDC-81BE-9B59A1203F1D}.Debug|ARM.Build.0 = Debug|Any CPU
		{6E947A61-2160-4BDC-81BE-9B59A1203F1D}.Debug|ARM64.ActiveCfg = Debug|Any CPU
		{6E947A61-2160-4BDC-81BE-9B59A1203F1D}.Debug|ARM64.Build.0 = Debug|Any CPU
		{6E947A61-2160-4BDC-81BE-9B59A1203F1D}.Debug|x64.ActiveCfg = Debug|Any CPU
		{6E947A61-2160-4BDC-81BE-9B59A1203F1D}.Debug|x64.Build.0 = Debug|Any CPU
		{6E947A61-2160-4BDC-81BE-9B59A1203F1D}.Debug|x86.ActiveCfg = Debug|Any CPU
		{6E947A61-2160-4BDC-81BE-9B59A1203F1D}.Debug|x86.Build.0 = Debug|Any CPU
		{6E947A61-2160-4BDC-81BE-9B59A1203F1D}.Release|Any CPU.ActiveCfg = Release|Any CPU
		{6E947A61-2160-4BDC-81BE-9B59A1203F1D}.Release|Any CPU.Build.0 = Release|Any CPU
		{6E947A61-2160-4BDC-81BE-9B59A1203F1D}.Release|ARM.ActiveCfg = Release|Any CPU
		{6E947A61-2160-4BDC-81BE-9B59A1203F1D}.Release|ARM.Build.0 = Release|Any CPU
		{6E947A61-2160-4BDC-81BE-9B59A1203F1D}.Release|ARM64.ActiveCfg = Release|Any CPU
		{6E947A61-2160-4BDC-81BE-9B59A1203F1D}.Release|ARM64.Build.0 = Release|Any CPU
		{6E947A61-2160-4BDC-81BE-9B59A1203F1D}.Release|x64.ActiveCfg = Release|Any CPU
		{6E947A61-2160-4BDC-81BE-9B59A1203F1D}.Release|x64.Build.0 = Release|Any CPU
		{6E947A61-2160-4BDC-81BE-9B59A1203F1D}.Release|x86.ActiveCfg = Release|Any CPU
		{6E947A61-2160-4BDC-81BE-9B59A1203F1D}.Release|x86.Build.0 = Release|Any CPU
		{067C7353-50EE-44F0-BC3C-56BA45DF7109}.Debug|Any CPU.ActiveCfg = Debug|Any CPU
		{067C7353-50EE-44F0-BC3C-56BA45DF7109}.Debug|Any CPU.Build.0 = Debug|Any CPU
		{067C7353-50EE-44F0-BC3C-56BA45DF7109}.Debug|ARM.ActiveCfg = Debug|Any CPU
		{067C7353-50EE-44F0-BC3C-56BA45DF7109}.Debug|ARM.Build.0 = Debug|Any CPU
		{067C7353-50EE-44F0-BC3C-56BA45DF7109}.Debug|ARM64.ActiveCfg = Debug|Any CPU
		{067C7353-50EE-44F0-BC3C-56BA45DF7109}.Debug|ARM64.Build.0 = Debug|Any CPU
		{067C7353-50EE-44F0-BC3C-56BA45DF7109}.Debug|x64.ActiveCfg = Debug|Any CPU
		{067C7353-50EE-44F0-BC3C-56BA45DF7109}.Debug|x64.Build.0 = Debug|Any CPU
		{067C7353-50EE-44F0-BC3C-56BA45DF7109}.Debug|x86.ActiveCfg = Debug|Any CPU
		{067C7353-50EE-44F0-BC3C-56BA45DF7109}.Debug|x86.Build.0 = Debug|Any CPU
		{067C7353-50EE-44F0-BC3C-56BA45DF7109}.Release|Any CPU.ActiveCfg = Release|Any CPU
		{067C7353-50EE-44F0-BC3C-56BA45DF7109}.Release|Any CPU.Build.0 = Release|Any CPU
		{067C7353-50EE-44F0-BC3C-56BA45DF7109}.Release|ARM.ActiveCfg = Release|Any CPU
		{067C7353-50EE-44F0-BC3C-56BA45DF7109}.Release|ARM.Build.0 = Release|Any CPU
		{067C7353-50EE-44F0-BC3C-56BA45DF7109}.Release|ARM64.ActiveCfg = Release|Any CPU
		{067C7353-50EE-44F0-BC3C-56BA45DF7109}.Release|ARM64.Build.0 = Release|Any CPU
		{067C7353-50EE-44F0-BC3C-56BA45DF7109}.Release|x64.ActiveCfg = Release|Any CPU
		{067C7353-50EE-44F0-BC3C-56BA45DF7109}.Release|x64.Build.0 = Release|Any CPU
		{067C7353-50EE-44F0-BC3C-56BA45DF7109}.Release|x86.ActiveCfg = Release|Any CPU
		{067C7353-50EE-44F0-BC3C-56BA45DF7109}.Release|x86.Build.0 = Release|Any CPU
		{788EDC2D-1264-435F-BD7E-95F3E53CE8D3}.Debug|Any CPU.ActiveCfg = Debug|Any CPU
		{788EDC2D-1264-435F-BD7E-95F3E53CE8D3}.Debug|Any CPU.Build.0 = Debug|Any CPU
		{788EDC2D-1264-435F-BD7E-95F3E53CE8D3}.Debug|ARM.ActiveCfg = Debug|Any CPU
		{788EDC2D-1264-435F-BD7E-95F3E53CE8D3}.Debug|ARM.Build.0 = Debug|Any CPU
		{788EDC2D-1264-435F-BD7E-95F3E53CE8D3}.Debug|ARM64.ActiveCfg = Debug|Any CPU
		{788EDC2D-1264-435F-BD7E-95F3E53CE8D3}.Debug|ARM64.Build.0 = Debug|Any CPU
		{788EDC2D-1264-435F-BD7E-95F3E53CE8D3}.Debug|x64.ActiveCfg = Debug|Any CPU
		{788EDC2D-1264-435F-BD7E-95F3E53CE8D3}.Debug|x64.Build.0 = Debug|Any CPU
		{788EDC2D-1264-435F-BD7E-95F3E53CE8D3}.Debug|x86.ActiveCfg = Debug|Any CPU
		{788EDC2D-1264-435F-BD7E-95F3E53CE8D3}.Debug|x86.Build.0 = Debug|Any CPU
		{788EDC2D-1264-435F-BD7E-95F3E53CE8D3}.Release|Any CPU.ActiveCfg = Release|Any CPU
		{788EDC2D-1264-435F-BD7E-95F3E53CE8D3}.Release|Any CPU.Build.0 = Release|Any CPU
		{788EDC2D-1264-435F-BD7E-95F3E53CE8D3}.Release|ARM.ActiveCfg = Release|Any CPU
		{788EDC2D-1264-435F-BD7E-95F3E53CE8D3}.Release|ARM.Build.0 = Release|Any CPU
		{788EDC2D-1264-435F-BD7E-95F3E53CE8D3}.Release|ARM64.ActiveCfg = Release|Any CPU
		{788EDC2D-1264-435F-BD7E-95F3E53CE8D3}.Release|ARM64.Build.0 = Release|Any CPU
		{788EDC2D-1264-435F-BD7E-95F3E53CE8D3}.Release|x64.ActiveCfg = Release|Any CPU
		{788EDC2D-1264-435F-BD7E-95F3E53CE8D3}.Release|x64.Build.0 = Release|Any CPU
		{788EDC2D-1264-435F-BD7E-95F3E53CE8D3}.Release|x86.ActiveCfg = Release|Any CPU
		{788EDC2D-1264-435F-BD7E-95F3E53CE8D3}.Release|x86.Build.0 = Release|Any CPU
	EndGlobalSection
	GlobalSection(SolutionProperties) = preSolution
		HideSolutionNode = FALSE
	EndGlobalSection
	GlobalSection(NestedProjects) = preSolution
		{A3906895-0180-4FEB-9C6C-2D377473FC9A} = {93724874-0564-46B7-9197-360D9F70ABDE}
		{BA5946A0-C5DA-4DE8-825E-5EBED3581EEF} = {A201B367-4D9C-427D-AF77-300D5F95615A}
		{5CC79A30-AF5D-4EC2-AB8E-E0B6CB651511} = {A201B367-4D9C-427D-AF77-300D5F95615A}
		{141D3DCC-EB95-4819-A109-A69FA90F9C68} = {1F89ACCC-BAD0-4622-BF08-76CCCD827C81}
		{1B11568B-0EF7-4B4E-8D8A-CBC3493763DD} = {1F89ACCC-BAD0-4622-BF08-76CCCD827C81}
		{6E947A61-2160-4BDC-81BE-9B59A1203F1D} = {0C08905E-A780-4227-BF05-581AFCB2EE47}
		{067C7353-50EE-44F0-BC3C-56BA45DF7109} = {0C08905E-A780-4227-BF05-581AFCB2EE47}
		{788EDC2D-1264-435F-BD7E-95F3E53CE8D3} = {95E2BB80-394A-461F-A4F6-C2E131ADC310}
	EndGlobalSection
	GlobalSection(ExtensibilityGlobals) = postSolution
		SolutionGuid = {267BA3E4-29E8-43FE-9F62-8B9D4D1E48A3}
	EndGlobalSection
EndGlobal
